// !$*UTF8*$!
{
	archiveVersion = 1;
	classes = {
	};
	objectVersion = 46;
	objects = {

/* Begin PBXBuildFile section */
		C2285AF91F3B402F00ED2696 /* main.m in Sources */ = {isa = PBXBuildFile; fileRef = C2285AF81F3B402F00ED2696 /* main.m */; };
		C2285AFC1F3B402F00ED2696 /* AppDelegate.m in Sources */ = {isa = PBXBuildFile; fileRef = C2285AFB1F3B402F00ED2696 /* AppDelegate.m */; };
		C2285AFF1F3B402F00ED2696 /* ViewController.m in Sources */ = {isa = PBXBuildFile; fileRef = C2285AFE1F3B402F00ED2696 /* ViewController.m */; };
		C2285B021F3B402F00ED2696 /* Main.storyboard in Resources */ = {isa = PBXBuildFile; fileRef = C2285B001F3B402F00ED2696 /* Main.storyboard */; };
		C2285B041F3B402F00ED2696 /* Assets.xcassets in Resources */ = {isa = PBXBuildFile; fileRef = C2285B031F3B402F00ED2696 /* Assets.xcassets */; };
		C2285B071F3B402F00ED2696 /* LaunchScreen.storyboard in Resources */ = {isa = PBXBuildFile; fileRef = C2285B051F3B402F00ED2696 /* LaunchScreen.storyboard */; };
		C29BB7361F3C9F7500911BEC /* IFMShareItem.m in Sources */ = {isa = PBXBuildFile; fileRef = C29BB7351F3C9F7500911BEC /* IFMShareItem.m */; };
		C29BB7391F3CA20700911BEC /* IFMShareView.m in Sources */ = {isa = PBXBuildFile; fileRef = C29BB7381F3CA20700911BEC /* IFMShareView.m */; };
		C29BB73F1F3D44E800911BEC /* IFMShareItemCell.m in Sources */ = {isa = PBXBuildFile; fileRef = C29BB73E1F3D44E800911BEC /* IFMShareItemCell.m */; };
/* End PBXBuildFile section */

/* Begin PBXFileReference section */
		C2285AF41F3B402F00ED2696 /* IFMShareDemo.app */ = {isa = PBXFileReference; explicitFileType = wrapper.application; includeInIndex = 0; path = IFMShareDemo.app; sourceTree = BUILT_PRODUCTS_DIR; };
		C2285AF81F3B402F00ED2696 /* main.m */ = {isa = PBXFileReference; lastKnownFileType = sourcecode.c.objc; path = main.m; sourceTree = "<group>"; };
		C2285AFA1F3B402F00ED2696 /* AppDelegate.h */ = {isa = PBXFileReference; lastKnownFileType = sourcecode.c.h; path = AppDelegate.h; sourceTree = "<group>"; };
		C2285AFB1F3B402F00ED2696 /* AppDelegate.m */ = {isa = PBXFileReference; lastKnownFileType = sourcecode.c.objc; path = AppDelegate.m; sourceTree = "<group>"; };
		C2285AFD1F3B402F00ED2696 /* ViewController.h */ = {isa = PBXFileReference; lastKnownFileType = sourcecode.c.h; path = ViewController.h; sourceTree = "<group>"; };
		C2285AFE1F3B402F00ED2696 /* ViewController.m */ = {isa = PBXFileReference; lastKnownFileType = sourcecode.c.objc; path = ViewController.m; sourceTree = "<group>"; };
		C2285B011F3B402F00ED2696 /* Base */ = {isa = PBXFileReference; lastKnownFileType = file.storyboard; name = Base; path = Base.lproj/Main.storyboard; sourceTree = "<group>"; };
		C2285B031F3B402F00ED2696 /* Assets.xcassets */ = {isa = PBXFileReference; lastKnownFileType = folder.assetcatalog; path = Assets.xcassets; sourceTree = "<group>"; };
		C2285B061F3B402F00ED2696 /* Base */ = {isa = PBXFileReference; lastKnownFileType = file.storyboard; name = Base; path = Base.lproj/LaunchScreen.storyboard; sourceTree = "<group>"; };
		C2285B081F3B402F00ED2696 /* Info.plist */ = {isa = PBXFileReference; lastKnownFileType = text.plist.xml; path = Info.plist; sourceTree = "<group>"; };
		C29BB7341F3C9F7500911BEC /* IFMShareItem.h */ = {isa = PBXFileReference; fileEncoding = 4; lastKnownFileType = sourcecode.c.h; path = IFMShareItem.h; sourceTree = "<group>"; };
		C29BB7351F3C9F7500911BEC /* IFMShareItem.m */ = {isa = PBXFileReference; fileEncoding = 4; lastKnownFileType = sourcecode.c.objc; path = IFMShareItem.m; sourceTree = "<group>"; };
		C29BB7371F3CA20700911BEC /* IFMShareView.h */ = {isa = PBXFileReference; fileEncoding = 4; lastKnownFileType = sourcecode.c.h; path = IFMShareView.h; sourceTree = "<group>"; };
		C29BB7381F3CA20700911BEC /* IFMShareView.m */ = {isa = PBXFileReference; fileEncoding = 4; lastKnownFileType = sourcecode.c.objc; path = IFMShareView.m; sourceTree = "<group>"; };
		C29BB73D1F3D44E800911BEC /* IFMShareItemCell.h */ = {isa = PBXFileReference; fileEncoding = 4; lastKnownFileType = sourcecode.c.h; path = IFMShareItemCell.h; sourceTree = "<group>"; };
		C29BB73E1F3D44E800911BEC /* IFMShareItemCell.m */ = {isa = PBXFileReference; fileEncoding = 4; lastKnownFileType = sourcecode.c.objc; path = IFMShareItemCell.m; sourceTree = "<group>"; };
/* End PBXFileReference section */

/* Begin PBXFrameworksBuildPhase section */
		C2285AF11F3B402F00ED2696 /* Frameworks */ = {
			isa = PBXFrameworksBuildPhase;
			buildActionMask = 2147483647;
			files = (
			);
			runOnlyForDeploymentPostprocessing = 0;
		};
/* End PBXFrameworksBuildPhase section */

/* Begin PBXGroup section */
		C2285AEB1F3B402F00ED2696 = {
			isa = PBXGroup;
			children = (
				C2285B0E1F3B404500ED2696 /* IFMShare */,
				C2285AF61F3B402F00ED2696 /* IFMShareDemo */,
				C2285AF51F3B402F00ED2696 /* Products */,
			);
			sourceTree = "<group>";
		};
		C2285AF51F3B402F00ED2696 /* Products */ = {
			isa = PBXGroup;
			children = (
				C2285AF41F3B402F00ED2696 /* IFMShareDemo.app */,
			);
			name = Products;
			sourceTree = "<group>";
		};
		C2285AF61F3B402F00ED2696 /* IFMShareDemo */ = {
			isa = PBXGroup;
			children = (
				C2285AFA1F3B402F00ED2696 /* AppDelegate.h */,
				C2285AFB1F3B402F00ED2696 /* AppDelegate.m */,
				C2285AFD1F3B402F00ED2696 /* ViewController.h */,
				C2285AFE1F3B402F00ED2696 /* ViewController.m */,
				C2285B001F3B402F00ED2696 /* Main.storyboard */,
				C2285B031F3B402F00ED2696 /* Assets.xcassets */,
				C2285B051F3B402F00ED2696 /* LaunchScreen.storyboard */,
				C2285B081F3B402F00ED2696 /* Info.plist */,
				C2285AF71F3B402F00ED2696 /* Supporting Files */,
			);
			path = IFMShareDemo;
			sourceTree = "<group>";
		};
		C2285AF71F3B402F00ED2696 /* Supporting Files */ = {
			isa = PBXGroup;
			children = (
				C2285AF81F3B402F00ED2696 /* main.m */,
			);
			name = "Supporting Files";
			sourceTree = "<group>";
		};
		C2285B0E1F3B404500ED2696 /* IFMShare */ = {
			isa = PBXGroup;
			children = (
				C29BB7341F3C9F7500911BEC /* IFMShareItem.h */,
				C29BB7351F3C9F7500911BEC /* IFMShareItem.m */,
				C29BB73D1F3D44E800911BEC /* IFMShareItemCell.h */,
				C29BB73E1F3D44E800911BEC /* IFMShareItemCell.m */,
				C29BB7371F3CA20700911BEC /* IFMShareView.h */,
				C29BB7381F3CA20700911BEC /* IFMShareView.m */,
			);
			path = IFMShare;
			sourceTree = "<group>";
		};
/* End PBXGroup section */

/* Begin PBXNativeTarget section */
		C2285AF31F3B402F00ED2696 /* IFMShareDemo */ = {
			isa = PBXNativeTarget;
			buildConfigurationList = C2285B0B1F3B402F00ED2696 /* Build configuration list for PBXNativeTarget "IFMShareDemo" */;
			buildPhases = (
				C2285AF01F3B402F00ED2696 /* Sources */,
				C2285AF11F3B402F00ED2696 /* Frameworks */,
				C2285AF21F3B402F00ED2696 /* Resources */,
			);
			buildRules = (
			);
			dependencies = (
			);
			name = IFMShareDemo;
			productName = IFMShareDemo;
			productReference = C2285AF41F3B402F00ED2696 /* IFMShareDemo.app */;
			productType = "com.apple.product-type.application";
		};
/* End PBXNativeTarget section */

/* Begin PBXProject section */
		C2285AEC1F3B402F00ED2696 /* Project object */ = {
			isa = PBXProject;
			attributes = {
				LastUpgradeCheck = 0820;
				ORGANIZATIONNAME = "刘刚";
				TargetAttributes = {
					C2285AF31F3B402F00ED2696 = {
						CreatedOnToolsVersion = 8.2;
						DevelopmentTeam = BSBY52WEJ6;
						ProvisioningStyle = Automatic;
					};
				};
			};
			buildConfigurationList = C2285AEF1F3B402F00ED2696 /* Build configuration list for PBXProject "IFMShareDemo" */;
			compatibilityVersion = "Xcode 3.2";
			developmentRegion = English;
			hasScannedForEncodings = 0;
			knownRegions = (
				en,
				Base,
			);
			mainGroup = C2285AEB1F3B402F00ED2696;
			productRefGroup = C2285AF51F3B402F00ED2696 /* Products */;
			projectDirPath = "";
			projectRoot = "";
			targets = (
				C2285AF31F3B402F00ED2696 /* IFMShareDemo */,
			);
		};
/* End PBXProject section */

/* Begin PBXResourcesBuildPhase section */
		C2285AF21F3B402F00ED2696 /* Resources */ = {
			isa = PBXResourcesBuildPhase;
			buildActionMask = 2147483647;
			files = (
				C2285B071F3B402F00ED2696 /* LaunchScreen.storyboard in Resources */,
				C2285B041F3B402F00ED2696 /* Assets.xcassets in Resources */,
				C2285B021F3B402F00ED2696 /* Main.storyboard in Resources */,
			);
			runOnlyForDeploymentPostprocessing = 0;
		};
/* End PBXResourcesBuildPhase section */

/* Begin PBXSourcesBuildPhase section */
		C2285AF01F3B402F00ED2696 /* Sources */ = {
			isa = PBXSourcesBuildPhase;
			buildActionMask = 2147483647;
			files = (
				C2285AFF1F3B402F00ED2696 /* ViewController.m in Sources */,
				C2285AFC1F3B402F00ED2696 /* AppDelegate.m in Sources */,
				C29BB7391F3CA20700911BEC /* IFMShareView.m in Sources */,
				C29BB7361F3C9F7500911BEC /* IFMShareItem.m in Sources */,
				C2285AF91F3B402F00ED2696 /* main.m in Sources */,
				C29BB73F1F3D44E800911BEC /* IFMShareItemCell.m in Sources */,
			);
			runOnlyForDeploymentPostprocessing = 0;
		};
/* End PBXSourcesBuildPhase section */

/* Begin PBXVariantGroup section */
		C2285B001F3B402F00ED2696 /* Main.storyboard */ = {
			isa = PBXVariantGroup;
			children = (
				C2285B011F3B402F00ED2696 /* Base */,
			);
			name = Main.storyboard;
			sourceTree = "<group>";
		};
		C2285B051F3B402F00ED2696 /* LaunchScreen.storyboard */ = {
			isa = PBXVariantGroup;
			children = (
				C2285B061F3B402F00ED2696 /* Base */,
			);
			name = LaunchScreen.storyboard;
			sourceTree = "<group>";
		};
/* End PBXVariantGroup section */

/* Begin XCBuildConfiguration section */
		C2285B091F3B402F00ED2696 /* Debug */ = {
			isa = XCBuildConfiguration;
			buildSettings = {
				ALWAYS_SEARCH_USER_PATHS = NO;
				CLANG_ANALYZER_NONNULL = YES;
				CLANG_CXX_LANGUAGE_STANDARD = "gnu++0x";
				CLANG_CXX_LIBRARY = "libc++";
				CLANG_ENABLE_MODULES = YES;
				CLANG_ENABLE_OBJC_ARC = YES;
				CLANG_WARN_BOOL_CONVERSION = YES;
				CLANG_WARN_CONSTANT_CONVERSION = YES;
				CLANG_WARN_DIRECT_OBJC_ISA_USAGE = YES_ERROR;
				CLANG_WARN_DOCUMENTATION_COMMENTS = YES;
				CLANG_WARN_EMPTY_BODY = YES;
				CLANG_WARN_ENUM_CONVERSION = YES;
				CLANG_WARN_INFINITE_RECURSION = YES;
				CLANG_WARN_INT_CONVERSION = YES;
				CLANG_WARN_OBJC_ROOT_CLASS = YES_ERROR;
				CLANG_WARN_SUSPICIOUS_MOVE = YES;
				CLANG_WARN_UNREACHABLE_CODE = YES;
				CLANG_WARN__DUPLICATE_METHOD_MATCH = YES;
				"CODE_SIGN_IDENTITY[sdk=iphoneos*]" = "iPhone Developer";
				COPY_PHASE_STRIP = NO;
				DEBUG_INFORMATION_FORMAT = dwarf;
				ENABLE_STRICT_OBJC_MSGSEND = YES;
				ENABLE_TESTABILITY = YES;
				GCC_C_LANGUAGE_STANDARD = gnu99;
				GCC_DYNAMIC_NO_PIC = NO;
				GCC_NO_COMMON_BLOCKS = YES;
				GCC_OPTIMIZATION_LEVEL = 0;
				GCC_PREPROCESSOR_DEFINITIONS = (
					"DEBUG=1",
					"$(inherited)",
				);
				GCC_WARN_64_TO_32_BIT_CONVERSION = YES;
				GCC_WARN_ABOUT_RETURN_TYPE = YES_ERROR;
				GCC_WARN_UNDECLARED_SELECTOR = YES;
				GCC_WARN_UNINITIALIZED_AUTOS = YES_AGGRESSIVE;
				GCC_WARN_UNUSED_FUNCTION = YES;
				GCC_WARN_UNUSED_VARIABLE = YES;
				IPHONEOS_DEPLOYMENT_TARGET = 10.2;
				MTL_ENABLE_DEBUG_INFO = YES;
				ONLY_ACTIVE_ARCH = YES;
				SDKROOT = iphoneos;
				TARGETED_DEVICE_FAMILY = "1,2";
			};
			name = Debug;
		};
		C2285B0A1F3B402F00ED2696 /* Release */ = {
			isa = XCBuildConfiguration;
			buildSettings = {
				ALWAYS_SEARCH_USER_PATHS = NO;
				CLANG_ANALYZER_NONNULL = YES;
				CLANG_CXX_LANGUAGE_STANDARD = "gnu++0x";
				CLANG_CXX_LIBRARY = "libc++";
				CLANG_ENABLE_MODULES = YES;
				CLANG_ENABLE_OBJC_ARC = YES;
				CLANG_WARN_BOOL_CONVERSION = YES;
				CLANG_WARN_CONSTANT_CONVERSION = YES;
				CLANG_WARN_DIRECT_OBJC_ISA_USAGE = YES_ERROR;
				CLANG_WARN_DOCUMENTATION_COMMENTS = YES;
				CLANG_WARN_EMPTY_BODY = YES;
				CLANG_WARN_ENUM_CONVERSION = YES;
				CLANG_WARN_INFINITE_RECURSION = YES;
				CLANG_WARN_INT_CONVERSION = YES;
				CLANG_WARN_OBJC_ROOT_CLASS = YES_ERROR;
				CLANG_WARN_SUSPICIOUS_MOVE = YES;
				CLANG_WARN_UNREACHABLE_CODE = YES;
				CLANG_WARN__DUPLICATE_METHOD_MATCH = YES;
				"CODE_SIGN_IDENTITY[sdk=iphoneos*]" = "iPhone Developer";
				COPY_PHASE_STRIP = NO;
				DEBUG_INFORMATION_FORMAT = "dwarf-with-dsym";
				ENABLE_NS_ASSERTIONS = NO;
				ENABLE_STRICT_OBJC_MSGSEND = YES;
				GCC_C_LANGUAGE_STANDARD = gnu99;
				GCC_NO_COMMON_BLOCKS = YES;
				GCC_WARN_64_TO_32_BIT_CONVERSION = YES;
				GCC_WARN_ABOUT_RETURN_TYPE = YES_ERROR;
				GCC_WARN_UNDECLARED_SELECTOR = YES;
				GCC_WARN_UNINITIALIZED_AUTOS = YES_AGGRESSIVE;
				GCC_WARN_UNUSED_FUNCTION = YES;
				GCC_WARN_UNUSED_VARIABLE = YES;
				IPHONEOS_DEPLOYMENT_TARGET = 10.2;
				MTL_ENABLE_DEBUG_INFO = NO;
				SDKROOT = iphoneos;
				TARGETED_DEVICE_FAMILY = "1,2";
				VALIDATE_PRODUCT = YES;
			};
			name = Release;
		};
		C2285B0C1F3B402F00ED2696 /* Debug */ = {
			isa = XCBuildConfiguration;
			buildSettings = {
				ASSETCATALOG_COMPILER_APPICON_NAME = AppIcon;
				DEVELOPMENT_TEAM = BSBY52WEJ6;
				INFOPLIST_FILE = IFMShareDemo/Info.plist;
				LD_RUNPATH_SEARCH_PATHS = "$(inherited) @executable_path/Frameworks";
				PRODUCT_BUNDLE_IDENTIFIER = com.yonyou.RZZL.FinancingLeasePlatform;
				PRODUCT_NAME = "$(TARGET_NAME)";
			};
			name = Debug;
		};
		C2285B0D1F3B402F00ED2696 /* Release */ = {
			isa = XCBuildConfiguration;
			buildSettings = {
				ASSETCATALOG_COMPILER_APPICON_NAME = AppIcon;
				DEVELOPMENT_TEAM = BSBY52WEJ6;
				INFOPLIST_FILE = IFMShareDemo/Info.plist;
				LD_RUNPATH_SEARCH_PATHS = "$(inherited) @executable_path/Frameworks";
				PRODUCT_BUNDLE_IDENTIFIER = com.yonyou.RZZL.FinancingLeasePlatform;
				PRODUCT_NAME = "$(TARGET_NAME)";
			};
			name = Release;
		};
/* End XCBuildConfiguration section */

/* Begin XCConfigurationList section */
		C2285AEF1F3B402F00ED2696 /* Build configuration list for PBXProject "IFMShareDemo" */ = {
			isa = XCConfigurationList;
			buildConfigurations = (
				C2285B091F3B402F00ED2696 /* Debug */,
				C2285B0A1F3B402F00ED2696 /* Release */,
			);
			defaultConfigurationIsVisible = 0;
			defaultConfigurationName = Release;
		};
		C2285B0B1F3B402F00ED2696 /* Build configuration list for PBXNativeTarget "IFMShareDemo" */ = {
			isa = XCConfigurationList;
			buildConfigurations = (
				C2285B0C1F3B402F00ED2696 /* Debug */,
				C2285B0D1F3B402F00ED2696 /* Release */,
			);
			defaultConfigurationIsVisible = 0;
			defaultConfigurationName = Release;
		};
/* End XCConfigurationList section */
	};
	rootObject = C2285AEC1F3B402F00ED2696 /* Project object */;
}
